// !$*UTF8*$!
{
	archiveVersion = 1;
	classes = {
	};
	objectVersion = 50;
	objects = {

/* Begin PBXBuildFile section */
		8DC11EAC276876F100E6654F /* AppDelegate.m in Sources */ = {isa = PBXBuildFile; fileRef = 8DC11EAB276876F100E6654F /* AppDelegate.m */; };
		8DC11EB2276876F100E6654F /* ViewController.m in Sources */ = {isa = PBXBuildFile; fileRef = 8DC11EB1276876F100E6654F /* ViewController.m */; };
		8DC11EB7276876F200E6654F /* Assets.xcassets in Resources */ = {isa = PBXBuildFile; fileRef = 8DC11EB6276876F200E6654F /* Assets.xcassets */; };
		8DC11EBA276876F200E6654F /* LaunchScreen.storyboard in Resources */ = {isa = PBXBuildFile; fileRef = 8DC11EB8276876F200E6654F /* LaunchScreen.storyboard */; };
		8DC11EBD276876F200E6654F /* main.m in Sources */ = {isa = PBXBuildFile; fileRef = 8DC11EBC276876F200E6654F /* main.m */; };
		C4465FF266313EDD8D5AC752 /* libPods-MengDemo.a in Frameworks */ = {isa = PBXBuildFile; fileRef = 354754FD2290DDFA8E8D3BCE /* libPods-MengDemo.a */; };
/* End PBXBuildFile section */

/* Begin PBXFileReference section */
		2A207820E27CAF85C7A6FBAF /* Pods-MengDemo.debug.xcconfig */ = {isa = PBXFileReference; includeInIndex = 1; lastKnownFileType = text.xcconfig; name = "Pods-MengDemo.debug.xcconfig"; path = "Target Support Files/Pods-MengDemo/Pods-MengDemo.debug.xcconfig"; sourceTree = "<group>"; };
		354754FD2290DDFA8E8D3BCE /* libPods-MengDemo.a */ = {isa = PBXFileReference; explicitFileType = archive.ar; includeInIndex = 0; path = "libPods-MengDemo.a"; sourceTree = BUILT_PRODUCTS_DIR; };
		8DC11EA7276876F100E6654F /* MengDemo.app */ = {isa = PBXFileReference; explicitFileType = wrapper.application; includeInIndex = 0; path = MengDemo.app; sourceTree = BUILT_PRODUCTS_DIR; };
		8DC11EAA276876F100E6654F /* AppDelegate.h */ = {isa = PBXFileReference; lastKnownFileType = sourcecode.c.h; path = AppDelegate.h; sourceTree = "<group>"; };
		8DC11EAB276876F100E6654F /* AppDelegate.m */ = {isa = PBXFileReference; lastKnownFileType = sourcecode.c.objc; path = AppDelegate.m; sourceTree = "<group>"; };
		8DC11EB0276876F100E6654F /* ViewController.h */ = {isa = PBXFileReference; lastKnownFileType = sourcecode.c.h; path = ViewController.h; sourceTree = "<group>"; };
		8DC11EB1276876F100E6654F /* ViewController.m */ = {isa = PBXFileReference; lastKnownFileType = sourcecode.c.objc; path = ViewController.m; sourceTree = "<group>"; };
		8DC11EB6276876F200E6654F /* Assets.xcassets */ = {isa = PBXFileReference; lastKnownFileType = folder.assetcatalog; path = Assets.xcassets; sourceTree = "<group>"; };
		8DC11EB9276876F200E6654F /* Base */ = {isa = PBXFileReference; lastKnownFileType = file.storyboard; name = Base; path = Base.lproj/LaunchScreen.storyboard; sourceTree = "<group>"; };
		8DC11EBB276876F200E6654F /* Info.plist */ = {isa = PBXFileReference; lastKnownFileType = text.plist.xml; path = Info.plist; sourceTree = "<group>"; };
		8DC11EBC276876F200E6654F /* main.m */ = {isa = PBXFileReference; lastKnownFileType = sourcecode.c.objc; path = main.m; sourceTree = "<group>"; };
		9745AF8DBDD70605A019235F /* Pods-MengDemo.release.xcconfig */ = {isa = PBXFileReference; includeInIndex = 1; lastKnownFileType = text.xcconfig; name = "Pods-MengDemo.release.xcconfig"; path = "Target Support Files/Pods-MengDemo/Pods-MengDemo.release.xcconfig"; sourceTree = "<group>"; };
/* End PBXFileReference section */

/* Begin PBXFrameworksBuildPhase section */
		8DC11EA4276876F100E6654F /* Frameworks */ = {
			isa = PBXFrameworksBuildPhase;
			buildActionMask = 2147483647;
			files = (
				C4465FF266313EDD8D5AC752 /* libPods-MengDemo.a in Frameworks */,
			);
			runOnlyForDeploymentPostprocessing = 0;
		};
/* End PBXFrameworksBuildPhase section */

/* Begin PBXGroup section */
		0A9AFE1EFCE8617970B6F029 /* Frameworks */ = {
			isa = PBXGroup;
			children = (
				354754FD2290DDFA8E8D3BCE /* libPods-MengDemo.a */,
			);
			name = Frameworks;
			sourceTree = "<group>";
		};
		8DC11E9E276876F100E6654F = {
			isa = PBXGroup;
			children = (
				8DC11EA9276876F100E6654F /* MengDemo */,
				8DC11EA8276876F100E6654F /* Products */,
				A73718D557AC8DC5A80CEFA8 /* Pods */,
				0A9AFE1EFCE8617970B6F029 /* Frameworks */,
			);
			sourceTree = "<group>";
		};
		8DC11EA8276876F100E6654F /* Products */ = {
			isa = PBXGroup;
			children = (
				8DC11EA7276876F100E6654F /* MengDemo.app */,
			);
			name = Products;
			sourceTree = "<group>";
		};
		8DC11EA9276876F100E6654F /* MengDemo */ = {
			isa = PBXGroup;
			children = (
				8DC11EAA276876F100E6654F /* AppDelegate.h */,
				8DC11EAB276876F100E6654F /* AppDelegate.m */,
				8DC11EB0276876F100E6654F /* ViewController.h */,
				8DC11EB1276876F100E6654F /* ViewController.m */,
				8DC11EB6276876F200E6654F /* Assets.xcassets */,
				8DC11EB8276876F200E6654F /* LaunchScreen.storyboard */,
				8DC11EBB276876F200E6654F /* Info.plist */,
				8DC11EBC276876F200E6654F /* main.m */,
			);
			path = MengDemo;
			sourceTree = "<group>";
		};
		A73718D557AC8DC5A80CEFA8 /* Pods */ = {
			isa = PBXGroup;
			children = (
				2A207820E27CAF85C7A6FBAF /* Pods-MengDemo.debug.xcconfig */,
				9745AF8DBDD70605A019235F /* Pods-MengDemo.release.xcconfig */,
			);
			path = Pods;
			sourceTree = "<group>";
		};
/* End PBXGroup section */

/* Begin PBXNativeTarget section */
		8DC11EA6276876F100E6654F /* MengDemo */ = {
			isa = PBXNativeTarget;
			buildConfigurationList = 8DC11EC0276876F200E6654F /* Build configuration list for PBXNativeTarget "MengDemo" */;
			buildPhases = (
				81579CBDA9B3936E363314CE /* [CP] Check Pods Manifest.lock */,
				8DC11EA3276876F100E6654F /* Sources */,
				8DC11EA4276876F100E6654F /* Frameworks */,
				8DC11EA5276876F100E6654F /* Resources */,
			);
			buildRules = (
			);
			dependencies = (
			);
			name = MengDemo;
			productName = MengDemo;
			productReference = 8DC11EA7276876F100E6654F /* MengDemo.app */;
			productType = "com.apple.product-type.application";
		};
/* End PBXNativeTarget section */

/* Begin PBXProject section */
		8DC11E9F276876F100E6654F /* Project object */ = {
			isa = PBXProject;
			attributes = {
				LastUpgradeCheck = 1250;
				TargetAttributes = {
					8DC11EA6276876F100E6654F = {
						CreatedOnToolsVersion = 12.5;
					};
				};
			};
			buildConfigurationList = 8DC11EA2276876F100E6654F /* Build configuration list for PBXProject "MengDemo" */;
			compatibilityVersion = "Xcode 9.3";
			developmentRegion = en;
			hasScannedForEncodings = 0;
			knownRegions = (
				en,
				Base,
			);
			mainGroup = 8DC11E9E276876F100E6654F;
			productRefGroup = 8DC11EA8276876F100E6654F /* Products */;
			projectDirPath = "";
			projectRoot = "";
			targets = (
				8DC11EA6276876F100E6654F /* MengDemo */,
			);
		};
/* End PBXProject section */

/* Begin PBXResourcesBuildPhase section */
		8DC11EA5276876F100E6654F /* Resources */ = {
			isa = PBXResourcesBuildPhase;
			buildActionMask = 2147483647;
			files = (
				8DC11EBA276876F200E6654F /* LaunchScreen.storyboard in Resources */,
				8DC11EB7276876F200E6654F /* Assets.xcassets in Resources */,
			);
			runOnlyForDeploymentPostprocessing = 0;
		};
/* End PBXResourcesBuildPhase section */

/* Begin PBXShellScriptBuildPhase section */
		81579CBDA9B3936E363314CE /* [CP] Check Pods Manifest.lock */ = {
			isa = PBXShellScriptBuildPhase;
			buildActionMask = 2147483647;
			files = (
			);
			inputFileListPaths = (
			);
			inputPaths = (
				"${PODS_PODFILE_DIR_PATH}/Podfile.lock",
				"${PODS_ROOT}/Manifest.lock",
			);
			name = "[CP] Check Pods Manifest.lock";
			outputFileListPaths = (
			);
			outputPaths = (
				"$(DERIVED_FILE_DIR)/Pods-MengDemo-checkManifestLockResult.txt",
			);
			runOnlyForDeploymentPostprocessing = 0;
			shellPath = /bin/sh;
			shellScript = "diff \"${PODS_PODFILE_DIR_PATH}/Podfile.lock\" \"${PODS_ROOT}/Manifest.lock\" > /dev/null\nif [ $? != 0 ] ; then\n    # print error to STDERR\n    echo \"error: The sandbox is not in sync with the Podfile.lock. Run 'pod install' or update your CocoaPods installation.\" >&2\n    exit 1\nfi\n# This output is used by Xcode 'outputs' to avoid re-running this script phase.\necho \"SUCCESS\" > \"${SCRIPT_OUTPUT_FILE_0}\"\n";
			showEnvVarsInLog = 0;
		};
/* End PBXShellScriptBuildPhase section */

/* Begin PBXSourcesBuildPhase section */
		8DC11EA3276876F100E6654F /* Sources */ = {
			isa = PBXSourcesBuildPhase;
			buildActionMask = 2147483647;
			files = (
				8DC11EB2276876F100E6654F /* ViewController.m in Sources */,
				8DC11EAC276876F100E6654F /* AppDelegate.m in Sources */,
				8DC11EBD276876F200E6654F /* main.m in Sources */,
			);
			runOnlyForDeploymentPostprocessing = 0;
		};
/* End PBXSourcesBuildPhase section */

/* Begin PBXVariantGroup section */
		8DC11EB8276876F200E6654F /* LaunchScreen.storyboard */ = {
			isa = PBXVariantGroup;
			children = (
				8DC11EB9276876F200E6654F /* Base */,
			);
			name = LaunchScreen.storyboard;
			sourceTree = "<group>";
		};
/* End PBXVariantGroup section */

/* Begin XCBuildConfiguration section */
		8DC11EBE276876F200E6654F /* Debug */ = {
			isa = XCBuildConfiguration;
			buildSettings = {
				ALWAYS_SEARCH_USER_PATHS = NO;
				CLANG_ANALYZER_NONNULL = YES;
				CLANG_ANALYZER_NUMBER_OBJECT_CONVERSION = YES_AGGRESSIVE;
				CLANG_CXX_LANGUAGE_STANDARD = "gnu++14";
				CLANG_CXX_LIBRARY = "libc++";
				CLANG_ENABLE_MODULES = YES;
				CLANG_ENABLE_OBJC_ARC = YES;
				CLANG_ENABLE_OBJC_WEAK = YES;
				CLANG_WARN_BLOCK_CAPTURE_AUTORELEASING = YES;
				CLANG_WARN_BOOL_CONVERSION = YES;
				CLANG_WARN_COMMA = YES;
				CLANG_WARN_CONSTANT_CONVERSION = YES;
				CLANG_WARN_DEPRECATED_OBJC_IMPLEMENTATIONS = YES;
				CLANG_WARN_DIRECT_OBJC_ISA_USAGE = YES_ERROR;
				CLANG_WARN_DOCUMENTATION_COMMENTS = YES;
				CLANG_WARN_EMPTY_BODY = YES;
				CLANG_WARN_ENUM_CONVERSION = YES;
				CLANG_WARN_INFINITE_RECURSION = YES;
				CLANG_WARN_INT_CONVERSION = YES;
				CLANG_WARN_NON_LITERAL_NULL_CONVERSION = YES;
				CLANG_WARN_OBJC_IMPLICIT_RETAIN_SELF = YES;
				CLANG_WARN_OBJC_LITERAL_CONVERSION = YES;
				CLANG_WARN_OBJC_ROOT_CLASS = YES_ERROR;
				CLANG_WARN_QUOTED_INCLUDE_IN_FRAMEWORK_HEADER = YES;
				CLANG_WARN_RANGE_LOOP_ANALYSIS = YES;
				CLANG_WARN_STRICT_PROTOTYPES = YES;
				CLANG_WARN_SUSPICIOUS_MOVE = YES;
				CLANG_WARN_UNGUARDED_AVAILABILITY = YES_AGGRESSIVE;
				CLANG_WARN_UNREACHABLE_CODE = YES;
				CLANG_WARN__DUPLICATE_METHOD_MATCH = YES;
				COPY_PHASE_STRIP = NO;
				DEBUG_INFORMATION_FORMAT = dwarf;
				ENABLE_STRICT_OBJC_MSGSEND = YES;
				ENABLE_TESTABILITY = YES;
				GCC_C_LANGUAGE_STANDARD = gnu11;
				GCC_DYNAMIC_NO_PIC = NO;
				GCC_NO_COMMON_BLOCKS = YES;
				GCC_OPTIMIZATION_LEVEL = 0;
				GCC_PREPROCESSOR_DEFINITIONS = (
					"DEBUG=1",
					"$(inherited)",
				);
				GCC_WARN_64_TO_32_BIT_CONVERSION = YES;
				GCC_WARN_ABOUT_RETURN_TYPE = YES_ERROR;
				GCC_WARN_UNDECLARED_SELECTOR = YES;
				GCC_WARN_UNINITIALIZED_AUTOS = YES_AGGRESSIVE;
				GCC_WARN_UNUSED_FUNCTION = YES;
				GCC_WARN_UNUSED_VARIABLE = YES;
				IPHONEOS_DEPLOYMENT_TARGET = 14.5;
				MTL_ENABLE_DEBUG_INFO = INCLUDE_SOURCE;
				MTL_FAST_MATH = YES;
				ONLY_ACTIVE_ARCH = YES;
				SDKROOT = iphoneos;
			};
			name = Debug;
		};
		8DC11EBF276876F200E6654F /* Release */ = {
			isa = XCBuildConfiguration;
			buildSettings = {
				ALWAYS_SEARCH_USER_PATHS = NO;
				CLANG_ANALYZER_NONNULL = YES;
				CLANG_ANALYZER_NUMBER_OBJECT_CONVERSION = YES_AGGRESSIVE;
				CLANG_CXX_LANGUAGE_STANDARD = "gnu++14";
				CLANG_CXX_LIBRARY = "libc++";
				CLANG_ENABLE_MODULES = YES;
				CLANG_ENABLE_OBJC_ARC = YES;
				CLANG_ENABLE_OBJC_WEAK = YES;
				CLANG_WARN_BLOCK_CAPTURE_AUTORELEASING = YES;
				CLANG_WARN_BOOL_CONVERSION = YES;
				CLANG_WARN_COMMA = YES;
				CLANG_WARN_CONSTANT_CONVERSION = YES;
				CLANG_WARN_DEPRECATED_OBJC_IMPLEMENTATIONS = YES;
				CLANG_WARN_DIRECT_OBJC_ISA_USAGE = YES_ERROR;
				CLANG_WARN_DOCUMENTATION_COMMENTS = YES;
				CLANG_WARN_EMPTY_BODY = YES;
				CLANG_WARN_ENUM_CONVERSION = YES;
				CLANG_WARN_INFINITE_RECURSION = YES;
				CLANG_WARN_INT_CONVERSION = YES;
				CLANG_WARN_NON_LITERAL_NULL_CONVERSION = YES;
				CLANG_WARN_OBJC_IMPLICIT_RETAIN_SELF = YES;
				CLANG_WARN_OBJC_LITERAL_CONVERSION = YES;
				CLANG_WARN_OBJC_ROOT_CLASS = YES_ERROR;
				CLANG_WARN_QUOTED_INCLUDE_IN_FRAMEWORK_HEADER = YES;
				CLANG_WARN_RANGE_LOOP_ANALYSIS = YES;
				CLANG_WARN_STRICT_PROTOTYPES = YES;
				CLANG_WARN_SUSPICIOUS_MOVE = YES;
				CLANG_WARN_UNGUARDED_AVAILABILITY = YES_AGGRESSIVE;
				CLANG_WARN_UNREACHABLE_CODE = YES;
				CLANG_WARN__DUPLICATE_METHOD_MATCH = YES;
				COPY_PHASE_STRIP = NO;
				DEBUG_INFORMATION_FORMAT = "dwarf-with-dsym";
				ENABLE_NS_ASSERTIONS = NO;
				ENABLE_STRICT_OBJC_MSGSEND = YES;
				GCC_C_LANGUAGE_STANDARD = gnu11;
				GCC_NO_COMMON_BLOCKS = YES;
				GCC_WARN_64_TO_32_BIT_CONVERSION = YES;
				GCC_WARN_ABOUT_RETURN_TYPE = YES_ERROR;
				GCC_WARN_UNDECLARED_SELECTOR = YES;
				GCC_WARN_UNINITIALIZED_AUTOS = YES_AGGRESSIVE;
				GCC_WARN_UNUSED_FUNCTION = YES;
				GCC_WARN_UNUSED_VARIABLE = YES;
				IPHONEOS_DEPLOYMENT_TARGET = 14.5;
				MTL_ENABLE_DEBUG_INFO = NO;
				MTL_FAST_MATH = YES;
				SDKROOT = iphoneos;
				VALIDATE_PRODUCT = YES;
			};
			name = Release;
		};
		8DC11EC1276876F200E6654F /* Debug */ = {
			isa = XCBuildConfiguration;
			baseConfigurationReference = 2A207820E27CAF85C7A6FBAF /* Pods-MengDemo.debug.xcconfig */;
			buildSettings = {
				ASSETCATALOG_COMPILER_APPICON_NAME = AppIcon;
				ASSETCATALOG_COMPILER_GLOBAL_ACCENT_COLOR_NAME = AccentColor;
				CODE_SIGN_STYLE = Automatic;
				DEVELOPMENT_TEAM = J32AD5KDR3;
				INFOPLIST_FILE = MengDemo/Info.plist;
				IPHONEOS_DEPLOYMENT_TARGET = 9.0;
				LD_RUNPATH_SEARCH_PATHS = (
					"$(inherited)",
					"@executable_path/Frameworks",
				);
				PRODUCT_BUNDLE_IDENTIFIER = com.menglingchao.hehe;
				PRODUCT_NAME = "$(TARGET_NAME)";
				TARGETED_DEVICE_FAMILY = "1,2";
			};
			name = Debug;
		};
		8DC11EC2276876F200E6654F /* Release */ = {
			isa = XCBuildConfiguration;
			baseConfigurationReference = 9745AF8DBDD70605A019235F /* Pods-MengDemo.release.xcconfig */;
			buildSettings = {
				ASSETCATALOG_COMPILER_APPICON_NAME = AppIcon;
				ASSETCATALOG_COMPILER_GLOBAL_ACCENT_COLOR_NAME = AccentColor;
				CODE_SIGN_STYLE = Automatic;
				DEVELOPMENT_TEAM = J32AD5KDR3;
				INFOPLIST_FILE = MengDemo/Info.plist;
				IPHONEOS_DEPLOYMENT_TARGET = 9.0;
				LD_RUNPATH_SEARCH_PATHS = (
					"$(inherited)",
					"@executable_path/Frameworks",
				);
				PRODUCT_BUNDLE_IDENTIFIER = com.menglingchao.hehe;
				PRODUCT_NAME = "$(TARGET_NAME)";
				TARGETED_DEVICE_FAMILY = "1,2";
			};
			name = Release;
		};
/* End XCBuildConfiguration section */

/* Begin XCConfigurationList section */
		8DC11EA2276876F100E6654F /* Build configuration list for PBXProject "MengDemo" */ = {
			isa = XCConfigurationList;
			buildConfigurations = (
				8DC11EBE276876F200E6654F /* Debug */,
				8DC11EBF276876F200E6654F /* Release */,
			);
			defaultConfigurationIsVisible = 0;
			defaultConfigurationName = Release;
		};
		8DC11EC0276876F200E6654F /* Build configuration list for PBXNativeTarget "MengDemo" */ = {
			isa = XCConfigurationList;
			buildConfigurations = (
				8DC11EC1276876F200E6654F /* Debug */,
				8DC11EC2276876F200E6654F /* Release */,
			);
			defaultConfigurationIsVisible = 0;
			defaultConfigurationName = Release;
		};
/* End XCConfigurationList section */
	};
	rootObject = 8DC11E9F276876F100E6654F /* Project object */;
}
